
Microsoft Visual Studio Solution File, Format Version 12.00
# Visual Studio 15
VisualStudioVersion = 15.0.28307.572
MinimumVisualStudioVersion = 10.0.40219.1
Project("{9A19103F-16F7-4668-BE54-9A1E7A4F7556}") = "my-demo-web-api", "my-demo-web-api.csproj", "{E06DADF8-7824-40E4-8ACF-75FE89D2DCF0}"
EndProject
Global
	GlobalSection(SolutionConfigurationPlatforms) = preSolution
		Debug|Any CPU = Debug|Any CPU
		Release|Any CPU = Release|Any CPU
	EndGlobalSection
	GlobalSection(ProjectConfigurationPlatforms) = postSolution
		{E06DADF8-7824-40E4-8ACF-75FE89D2DCF0}.Debug|Any CPU.ActiveCfg = Debug|Any CPU
		{E06DADF8-7824-40E4-8ACF-75FE89D2DCF0}.Debug|Any CPU.Build.0 = Debug|Any CPU
		{E06DADF8-7824-40E4-8ACF-75FE89D2DCF0}.Release|Any CPU.ActiveCfg = Release|Any CPU
		{E06DADF8-7824-40E4-8ACF-75FE89D2DCF0}.Release|Any CPU.Build.0 = Release|Any CPU
	EndGlobalSection
	GlobalSection(SolutionProperties) = preSolution
		HideSolutionNode = FALSE
	EndGlobalSection
	GlobalSection(ExtensibilityGlobals) = postSolution
		SolutionGuid = {1B7F1EF5-06E6-492E-937A-B9B810BBE052}
	EndGlobalSection
EndGlobal
